
Microsoft Visual Studio Solution File, Format Version 12.00
# Visual Studio 15
VisualStudioVersion = 15.0.28307.1259
MinimumVisualStudioVersion = 10.0.40219.1
Project("{FAE04EC0-301F-11D3-BF4B-00C04F79EFBC}") = "PR69_PI Calibration and Functional Jig", "PR69_PI Calibration and Functional Jig\PR69_PI Calibration and Functional Jig.csproj", "{0F29CF3D-9565-4F66-B4C7-C0A3431B8E47}"
EndProject
Global
	GlobalSection(SolutionConfigurationPlatforms) = preSolution
		Debug|Any CPU = Debug|Any CPU
		Release|Any CPU = Release|Any CPU
	EndGlobalSection
	GlobalSection(ProjectConfigurationPlatforms) = postSolution
		{0F29CF3D-9565-4F66-B4C7-C0A3431B8E47}.Debug|Any CPU.ActiveCfg = Debug|Any CPU
		{0F29CF3D-9565-4F66-B4C7-C0A3431B8E47}.Debug|Any CPU.Build.0 = Debug|Any CPU
		{0F29CF3D-9565-4F66-B4C7-C0A3431B8E47}.Release|Any CPU.ActiveCfg = Release|Any CPU
		{0F29CF3D-9565-4F66-B4C7-C0A3431B8E47}.Release|Any CPU.Build.0 = Release|Any CPU
	EndGlobalSection
	GlobalSection(SolutionProperties) = preSolution
		HideSolutionNode = FALSE
	EndGlobalSection
	GlobalSection(ExtensibilityGlobals) = postSolution
		SolutionGuid = {A3511B46-1369-44D1-9A6F-F78A9558DA7E}
	EndGlobalSection
EndGlobal
